
Microsoft Visual Studio Solution File, Format Version 12.00
# Visual Studio Version 17
VisualStudioVersion = 17.8.34511.84
MinimumVisualStudioVersion = 10.0.40219.1
Project("{FAE04EC0-301F-11D3-BF4B-00C04F79EFBC}") = "ExemploDatabaseFirst.ConsoleApp", "ExemploDatabaseFirst.ConsoleApp\ExemploDatabaseFirst.ConsoleApp.csproj", "{2B8F45B3-CA27-4DF0-8417-5174EBFBB169}"
EndProject
Global
	GlobalSection(SolutionConfigurationPlatforms) = preSolution
		Debug|Any CPU = Debug|Any CPU
		Release|Any CPU = Release|Any CPU
	EndGlobalSection
	GlobalSection(ProjectConfigurationPlatforms) = postSolution
		{2B8F45B3-CA27-4DF0-8417-5174EBFBB169}.Debug|Any CPU.ActiveCfg = Debug|Any CPU
		{2B8F45B3-CA27-4DF0-8417-5174EBFBB169}.Debug|Any CPU.Build.0 = Debug|Any CPU
		{2B8F45B3-CA27-4DF0-8417-5174EBFBB169}.Release|Any CPU.ActiveCfg = Release|Any CPU
		{2B8F45B3-CA27-4DF0-8417-5174EBFBB169}.Release|Any CPU.Build.0 = Release|Any CPU
	EndGlobalSection
	GlobalSection(SolutionProperties) = preSolution
		HideSolutionNode = FALSE
	EndGlobalSection
	GlobalSection(ExtensibilityGlobals) = postSolution
		SolutionGuid = {9AE2AE5B-C334-40AB-8003-601F994D7F3F}
	EndGlobalSection
EndGlobal
