
Microsoft Visual Studio Solution File, Format Version 12.00
# Visual Studio Version 17
VisualStudioVersion = 17.8.34511.84
MinimumVisualStudioVersion = 10.0.40219.1
Project("{FAE04EC0-301F-11D3-BF4B-00C04F79EFBC}") = "IntroducaoAoLinq.ConsoleApp", "IntroducaoAoLinq.ConsoleApp\IntroducaoAoLinq.ConsoleApp.csproj", "{B78B5024-CFBB-456A-9098-C87A52FFBAB4}"
EndProject
Global
	GlobalSection(SolutionConfigurationPlatforms) = preSolution
		Debug|Any CPU = Debug|Any CPU
		Release|Any CPU = Release|Any CPU
	EndGlobalSection
	GlobalSection(ProjectConfigurationPlatforms) = postSolution
		{B78B5024-CFBB-456A-9098-C87A52FFBAB4}.Debug|Any CPU.ActiveCfg = Debug|Any CPU
		{B78B5024-CFBB-456A-9098-C87A52FFBAB4}.Debug|Any CPU.Build.0 = Debug|Any CPU
		{B78B5024-CFBB-456A-9098-C87A52FFBAB4}.Release|Any CPU.ActiveCfg = Release|Any CPU
		{B78B5024-CFBB-456A-9098-C87A52FFBAB4}.Release|Any CPU.Build.0 = Release|Any CPU
	EndGlobalSection
	GlobalSection(SolutionProperties) = preSolution
		HideSolutionNode = FALSE
	EndGlobalSection
	GlobalSection(ExtensibilityGlobals) = postSolution
		SolutionGuid = {082B76B6-AEAE-441B-8506-E7F242151FBD}
	EndGlobalSection
EndGlobal
