
Microsoft Visual Studio Solution File, Format Version 12.00
# Visual Studio Version 17
VisualStudioVersion = 17.8.34511.84
MinimumVisualStudioVersion = 10.0.40219.1
Project("{FAE04EC0-301F-11D3-BF4B-00C04F79EFBC}") = "MongoDB.WebApi", "MongoDB.WebApi\MongoDB.WebApi.csproj", "{B0047490-9E6A-49F2-A3C3-438A90056C81}"
EndProject
Global
	GlobalSection(SolutionConfigurationPlatforms) = preSolution
		Debug|Any CPU = Debug|Any CPU
		Release|Any CPU = Release|Any CPU
	EndGlobalSection
	GlobalSection(ProjectConfigurationPlatforms) = postSolution
		{B0047490-9E6A-49F2-A3C3-438A90056C81}.Debug|Any CPU.ActiveCfg = Debug|Any CPU
		{B0047490-9E6A-49F2-A3C3-438A90056C81}.Debug|Any CPU.Build.0 = Debug|Any CPU
		{B0047490-9E6A-49F2-A3C3-438A90056C81}.Release|Any CPU.ActiveCfg = Release|Any CPU
		{B0047490-9E6A-49F2-A3C3-438A90056C81}.Release|Any CPU.Build.0 = Release|Any CPU
	EndGlobalSection
	GlobalSection(SolutionProperties) = preSolution
		HideSolutionNode = FALSE
	EndGlobalSection
	GlobalSection(ExtensibilityGlobals) = postSolution
		SolutionGuid = {F4D399CC-3F46-4F23-95A3-A3E63123503D}
	EndGlobalSection
EndGlobal
