
Microsoft Visual Studio Solution File, Format Version 12.00
# Visual Studio Version 17
VisualStudioVersion = 17.8.34330.188
MinimumVisualStudioVersion = 10.0.40219.1
Project("{FAE04EC0-301F-11D3-BF4B-00C04F79EFBC}") = "EventosDoPrograma", "EventosDoPrograma\EventosDoPrograma.csproj", "{60F49BE5-A7C0-48AC-854A-F1DCE052BE10}"
EndProject
Global
	GlobalSection(SolutionConfigurationPlatforms) = preSolution
		Debug|Any CPU = Debug|Any CPU
		Release|Any CPU = Release|Any CPU
	EndGlobalSection
	GlobalSection(ProjectConfigurationPlatforms) = postSolution
		{60F49BE5-A7C0-48AC-854A-F1DCE052BE10}.Debug|Any CPU.ActiveCfg = Debug|Any CPU
		{60F49BE5-A7C0-48AC-854A-F1DCE052BE10}.Debug|Any CPU.Build.0 = Debug|Any CPU
		{60F49BE5-A7C0-48AC-854A-F1DCE052BE10}.Release|Any CPU.ActiveCfg = Release|Any CPU
		{60F49BE5-A7C0-48AC-854A-F1DCE052BE10}.Release|Any CPU.Build.0 = Release|Any CPU
	EndGlobalSection
	GlobalSection(SolutionProperties) = preSolution
		HideSolutionNode = FALSE
	EndGlobalSection
	GlobalSection(ExtensibilityGlobals) = postSolution
		SolutionGuid = {A4512096-92A5-46EA-9851-1C7CD1CBB751}
	EndGlobalSection
EndGlobal
