
Microsoft Visual Studio Solution File, Format Version 12.00
# Visual Studio Version 17
VisualStudioVersion = 17.8.34601.278
MinimumVisualStudioVersion = 10.0.40219.1
Project("{9A19103F-16F7-4668-BE54-9A1E7A4F7556}") = "InicioTypeScript", "InicioTypeScript\InicioTypeScript.csproj", "{1ACCFA04-3BC0-4123-9851-07B343A794D7}"
EndProject
Project("{FAE04EC0-301F-11D3-BF4B-00C04F79EFBC}") = "ContinuacaoTypeScript", "ContinuacaoTypeScript\ContinuacaoTypeScript.csproj", "{EC52C1B4-398E-4306-98A0-A0EB3872FCF0}"
EndProject
Global
	GlobalSection(SolutionConfigurationPlatforms) = preSolution
		Debug|Any CPU = Debug|Any CPU
		Release|Any CPU = Release|Any CPU
	EndGlobalSection
	GlobalSection(ProjectConfigurationPlatforms) = postSolution
		{1ACCFA04-3BC0-4123-9851-07B343A794D7}.Debug|Any CPU.ActiveCfg = Debug|Any CPU
		{1ACCFA04-3BC0-4123-9851-07B343A794D7}.Debug|Any CPU.Build.0 = Debug|Any CPU
		{1ACCFA04-3BC0-4123-9851-07B343A794D7}.Release|Any CPU.ActiveCfg = Release|Any CPU
		{1ACCFA04-3BC0-4123-9851-07B343A794D7}.Release|Any CPU.Build.0 = Release|Any CPU
		{EC52C1B4-398E-4306-98A0-A0EB3872FCF0}.Debug|Any CPU.ActiveCfg = Debug|Any CPU
		{EC52C1B4-398E-4306-98A0-A0EB3872FCF0}.Debug|Any CPU.Build.0 = Debug|Any CPU
		{EC52C1B4-398E-4306-98A0-A0EB3872FCF0}.Release|Any CPU.ActiveCfg = Release|Any CPU
		{EC52C1B4-398E-4306-98A0-A0EB3872FCF0}.Release|Any CPU.Build.0 = Release|Any CPU
	EndGlobalSection
	GlobalSection(SolutionProperties) = preSolution
		HideSolutionNode = FALSE
	EndGlobalSection
	GlobalSection(ExtensibilityGlobals) = postSolution
		SolutionGuid = {18103812-2788-4561-A2EF-41DA86299A97}
	EndGlobalSection
EndGlobal
