
Microsoft Visual Studio Solution File, Format Version 12.00
# Visual Studio Version 17
VisualStudioVersion = 17.8.34511.84
MinimumVisualStudioVersion = 10.0.40219.1
Project("{FAE04EC0-301F-11D3-BF4B-00C04F79EFBC}") = "ConferenciaCientifica", "ConferenciaCientifica\ConferenciaCientifica.csproj", "{135C40C1-76D4-47FD-AFAF-91752E3280DD}"
EndProject
Global
	GlobalSection(SolutionConfigurationPlatforms) = preSolution
		Debug|Any CPU = Debug|Any CPU
		Release|Any CPU = Release|Any CPU
	EndGlobalSection
	GlobalSection(ProjectConfigurationPlatforms) = postSolution
		{135C40C1-76D4-47FD-AFAF-91752E3280DD}.Debug|Any CPU.ActiveCfg = Debug|Any CPU
		{135C40C1-76D4-47FD-AFAF-91752E3280DD}.Debug|Any CPU.Build.0 = Debug|Any CPU
		{135C40C1-76D4-47FD-AFAF-91752E3280DD}.Release|Any CPU.ActiveCfg = Release|Any CPU
		{135C40C1-76D4-47FD-AFAF-91752E3280DD}.Release|Any CPU.Build.0 = Release|Any CPU
	EndGlobalSection
	GlobalSection(SolutionProperties) = preSolution
		HideSolutionNode = FALSE
	EndGlobalSection
	GlobalSection(ExtensibilityGlobals) = postSolution
		SolutionGuid = {E1193F30-F05F-486C-B7D1-8DB882EEE700}
	EndGlobalSection
EndGlobal
