
Microsoft Visual Studio Solution File, Format Version 12.00
# Visual Studio Version 17
VisualStudioVersion = 17.8.34601.278
MinimumVisualStudioVersion = 10.0.40219.1
Project("{FAE04EC0-301F-11D3-BF4B-00C04F79EFBC}") = "ConferenciaCientifica", "ConferenciaCientifica\ConferenciaCientifica.csproj", "{5742D6FF-5BC1-438C-8442-FE034A7FD33E}"
EndProject
Global
	GlobalSection(SolutionConfigurationPlatforms) = preSolution
		Debug|Any CPU = Debug|Any CPU
		Release|Any CPU = Release|Any CPU
	EndGlobalSection
	GlobalSection(ProjectConfigurationPlatforms) = postSolution
		{5742D6FF-5BC1-438C-8442-FE034A7FD33E}.Debug|Any CPU.ActiveCfg = Debug|Any CPU
		{5742D6FF-5BC1-438C-8442-FE034A7FD33E}.Debug|Any CPU.Build.0 = Debug|Any CPU
		{5742D6FF-5BC1-438C-8442-FE034A7FD33E}.Release|Any CPU.ActiveCfg = Release|Any CPU
		{5742D6FF-5BC1-438C-8442-FE034A7FD33E}.Release|Any CPU.Build.0 = Release|Any CPU
	EndGlobalSection
	GlobalSection(SolutionProperties) = preSolution
		HideSolutionNode = FALSE
	EndGlobalSection
	GlobalSection(ExtensibilityGlobals) = postSolution
		SolutionGuid = {45AA6DBC-DBF1-4673-B1FD-72215A8146F7}
	EndGlobalSection
EndGlobal
