
Microsoft Visual Studio Solution File, Format Version 12.00
# Visual Studio Version 17
VisualStudioVersion = 17.8.34511.84
MinimumVisualStudioVersion = 10.0.40219.1
Project("{FAE04EC0-301F-11D3-BF4B-00C04F79EFBC}") = "ExemploADONET", "ExemploADONET\ExemploADONET.csproj", "{8BB6A5FD-A7CD-41DB-A3D7-AE934217AA2D}"
EndProject
Global
	GlobalSection(SolutionConfigurationPlatforms) = preSolution
		Debug|Any CPU = Debug|Any CPU
		Release|Any CPU = Release|Any CPU
	EndGlobalSection
	GlobalSection(ProjectConfigurationPlatforms) = postSolution
		{8BB6A5FD-A7CD-41DB-A3D7-AE934217AA2D}.Debug|Any CPU.ActiveCfg = Debug|Any CPU
		{8BB6A5FD-A7CD-41DB-A3D7-AE934217AA2D}.Debug|Any CPU.Build.0 = Debug|Any CPU
		{8BB6A5FD-A7CD-41DB-A3D7-AE934217AA2D}.Release|Any CPU.ActiveCfg = Release|Any CPU
		{8BB6A5FD-A7CD-41DB-A3D7-AE934217AA2D}.Release|Any CPU.Build.0 = Release|Any CPU
	EndGlobalSection
	GlobalSection(SolutionProperties) = preSolution
		HideSolutionNode = FALSE
	EndGlobalSection
	GlobalSection(ExtensibilityGlobals) = postSolution
		SolutionGuid = {CD7101A6-FE5E-45BB-8E38-6DAA7FF687E5}
	EndGlobalSection
EndGlobal
